
Microsoft Visual Studio Solution File, Format Version 12.00
# Visual Studio Version 17
VisualStudioVersion = 17.1.32210.238
MinimumVisualStudioVersion = 10.0.40219.1
Project("{FAE04EC0-301F-11D3-BF4B-00C04F79EFBC}") = "SunFix", "SunFix.csproj", "{0D4D0C5C-D1AE-46D8-8B31-8B84ADE0C975}"
EndProject
Global
	GlobalSection(SolutionConfigurationPlatforms) = preSolution
		Debug|Any CPU = Debug|Any CPU
		Release|Any CPU = Release|Any CPU
	EndGlobalSection
	GlobalSection(ProjectConfigurationPlatforms) = postSolution
		{0D4D0C5C-D1AE-46D8-8B31-8B84ADE0C975}.Debug|Any CPU.ActiveCfg = Debug|Any CPU
		{0D4D0C5C-D1AE-46D8-8B31-8B84ADE0C975}.Debug|Any CPU.Build.0 = Debug|Any CPU
		{0D4D0C5C-D1AE-46D8-8B31-8B84ADE0C975}.Release|Any CPU.ActiveCfg = Release|Any CPU
		{0D4D0C5C-D1AE-46D8-8B31-8B84ADE0C975}.Release|Any CPU.Build.0 = Release|Any CPU
	EndGlobalSection
	GlobalSection(SolutionProperties) = preSolution
		HideSolutionNode = FALSE
	EndGlobalSection
	GlobalSection(ExtensibilityGlobals) = postSolution
		SolutionGuid = {5FC0F5D6-0314-400E-866A-89C8E5D2EF8C}
	EndGlobalSection
EndGlobal
